<?xml version="1.0" encoding="utf-8"?>
<Project ToolsVersion="15.0" xmlns="http://schemas.microsoft.com/developer/msbuild/2003">
  <ItemGroup>
    <ClCompile Include="F:\Compression\VTM\tags\VTM-1.1\source\App\DecoderApp\DecApp.cpp">
      <Filter>Source Files</Filter>
    </ClCompile>
    <ClCompile Include="F:\Compression\VTM\tags\VTM-1.1\source\App\DecoderApp\DecAppCfg.cpp">
      <Filter>Source Files</Filter>
    </ClCompile>
    <ClCompile Include="F:\Compression\VTM\tags\VTM-1.1\source\App\DecoderApp\decmain.cpp">
      <Filter>Source Files</Filter>
    </ClCompile>
  </ItemGroup>
  <ItemGroup>
    <ClInclude Include="F:\Compression\VTM\tags\VTM-1.1\source\App\DecoderApp\DecApp.h">
      <Filter>Header Files</Filter>
    </ClInclude>
    <ClInclude Include="F:\Compression\VTM\tags\VTM-1.1\source\App\DecoderApp\DecAppCfg.h">
      <Filter>Header Files</Filter>
    </ClInclude>
    <ClInclude Include="F:\Compression\VTM\tags\VTM-1.1\build\source\App\DecoderAnalyserApp\svnheader.h">
      <Filter>Header Files</Filter>
    </ClInclude>
  </ItemGroup>
  <ItemGroup>
    <CustomBuild Include="F:\Compression\VTM\tags\VTM-1.1\build\CMakeFiles\317dc33f97c2855101fcac46ac0d20da\svnheader.h.rule">
      <Filter>CMake Rules</Filter>
    </CustomBuild>
    <CustomBuild Include="F:\Compression\VTM\tags\VTM-1.1\source\App\DecoderAnalyserApp\CMakeLists.txt" />
  </ItemGroup>
  <ItemGroup>
    <Natvis Include="F:\Compression\VTM\tags\VTM-1.1\source\VisualStudio\common.natvis">
      <Filter>Natvis Files</Filter>
    </Natvis>
    <Natvis Include="F:\Compression\VTM\tags\VTM-1.1\source\VisualStudio\static_vector.natvis">
      <Filter>Natvis Files</Filter>
    </Natvis>
  </ItemGroup>
  <ItemGroup>
    <Filter Include="CMake Rules">
      <UniqueIdentifier>{A36FBCD6-1F6B-308F-98F1-49AC624EB6F0}</UniqueIdentifier>
    </Filter>
    <Filter Include="Header Files">
      <UniqueIdentifier>{48B09164-0CD8-3CE0-B207-90163526A53A}</UniqueIdentifier>
    </Filter>
    <Filter Include="Natvis Files">
      <UniqueIdentifier>{67BC0886-10A5-3BDD-89BA-D97247548D8D}</UniqueIdentifier>
    </Filter>
    <Filter Include="Source Files">
      <UniqueIdentifier>{CC08FCC9-A8A4-320C-BB82-1007F58935DC}</UniqueIdentifier>
    </Filter>
  </ItemGroup>
</Project>
