Microsoft Visual Studio Solution File, Format Version 12.00
# Visual Studio 15
Project("{2150E333-8FDC-42A3-9474-1A3956D46DE8}") = "CMakePredefinedTargets", "CMakePredefinedTargets", "{61CD78D4-A215-3D69-B09A-258FD1BC2D3C}"
EndProject
Project("{2150E333-8FDC-42A3-9474-1A3956D46DE8}") = "app", "app", "{82B9B263-6C39-3121-85F0-EF1D8565722F}"
EndProject
Project("{2150E333-8FDC-42A3-9474-1A3956D46DE8}") = "lib", "lib", "{ED10F703-261A-39EE-9955-433DD9883E0E}"
EndProject
Project("{2150E333-8FDC-42A3-9474-1A3956D46DE8}") = "svn", "svn", "{AFE16C41-24E5-38D9-854E-6CDA1DA73993}"
EndProject
Project("{8BC9CEB8-8B4A-11D0-8D11-00A0C91BC942}") = "ALL_BUILD", "ALL_BUILD.vcxproj", "{DF3CE437-16EF-3760-9F12-4C73AAA76C30}"
	ProjectSection(ProjectDependencies) = postProject
		{DED2D0D7-8D9A-3775-8C27-A209E472AD3E} = {DED2D0D7-8D9A-3775-8C27-A209E472AD3E}
		{87717BBB-6B38-308F-8A01-473BB7E80EF6} = {87717BBB-6B38-308F-8A01-473BB7E80EF6}
		{917F6C2C-7B07-3AF5-BE44-5435D55BBE31} = {917F6C2C-7B07-3AF5-BE44-5435D55BBE31}
		{7FECF19F-8B58-3E86-8322-7C9F5C675338} = {7FECF19F-8B58-3E86-8322-7C9F5C675338}
		{25C27FAA-3F58-38A9-BB3C-9BDDF83DD247} = {25C27FAA-3F58-38A9-BB3C-9BDDF83DD247}
		{5A085F2E-D4AE-3F41-96F1-33F0247F0CAA} = {5A085F2E-D4AE-3F41-96F1-33F0247F0CAA}
		{D4745371-44BE-3E4A-BED4-C9F9648EB607} = {D4745371-44BE-3E4A-BED4-C9F9648EB607}
		{0ACAEB9E-1402-3F79-B175-5CD458108049} = {0ACAEB9E-1402-3F79-B175-5CD458108049}
		{6C5F3E72-4541-3D83-A4E1-A0F7562374AB} = {6C5F3E72-4541-3D83-A4E1-A0F7562374AB}
		{AB3EDF2C-0B1E-3D98-AE66-E4F0A3D339D8} = {AB3EDF2C-0B1E-3D98-AE66-E4F0A3D339D8}
		{B7EED50B-8B26-33B0-BBC0-825D585125E3} = {B7EED50B-8B26-33B0-BBC0-825D585125E3}
		{83A3836E-5FA0-3F84-9E54-924540C2CC8A} = {83A3836E-5FA0-3F84-9E54-924540C2CC8A}
		{AA5E5475-00B0-3D8C-9DCA-C733F2E26CA4} = {AA5E5475-00B0-3D8C-9DCA-C733F2E26CA4}
		{CBDD035F-DDD8-3DA0-974E-8C10CB0CD981} = {CBDD035F-DDD8-3DA0-974E-8C10CB0CD981}
		{DF39D7D9-17FC-3EC8-A081-4806C18E601A} = {DF39D7D9-17FC-3EC8-A081-4806C18E601A}
	EndProjectSection
EndProject
Project("{8BC9CEB8-8B4A-11D0-8D11-00A0C91BC942}") = "CommonLib", "source\Lib\CommonLib\CommonLib.vcxproj", "{DED2D0D7-8D9A-3775-8C27-A209E472AD3E}"
	ProjectSection(ProjectDependencies) = postProject
		{CBDD035F-DDD8-3DA0-974E-8C10CB0CD981} = {CBDD035F-DDD8-3DA0-974E-8C10CB0CD981}
	EndProjectSection
EndProject
Project("{8BC9CEB8-8B4A-11D0-8D11-00A0C91BC942}") = "DecAnalyserSvnHeader", "source\App\DecoderAnalyserApp\DecAnalyserSvnHeader.vcxproj", "{87717BBB-6B38-308F-8A01-473BB7E80EF6}"
	ProjectSection(ProjectDependencies) = postProject
		{CBDD035F-DDD8-3DA0-974E-8C10CB0CD981} = {CBDD035F-DDD8-3DA0-974E-8C10CB0CD981}
	EndProjectSection
EndProject
Project("{8BC9CEB8-8B4A-11D0-8D11-00A0C91BC942}") = "DecSvnHeader", "source\App\DecoderApp\DecSvnHeader.vcxproj", "{917F6C2C-7B07-3AF5-BE44-5435D55BBE31}"
	ProjectSection(ProjectDependencies) = postProject
		{CBDD035F-DDD8-3DA0-974E-8C10CB0CD981} = {CBDD035F-DDD8-3DA0-974E-8C10CB0CD981}
	EndProjectSection
EndProject
Project("{8BC9CEB8-8B4A-11D0-8D11-00A0C91BC942}") = "DecoderAnalyserApp", "source\App\DecoderAnalyserApp\DecoderAnalyserApp.vcxproj", "{7FECF19F-8B58-3E86-8322-7C9F5C675338}"
	ProjectSection(ProjectDependencies) = postProject
		{DED2D0D7-8D9A-3775-8C27-A209E472AD3E} = {DED2D0D7-8D9A-3775-8C27-A209E472AD3E}
		{87717BBB-6B38-308F-8A01-473BB7E80EF6} = {87717BBB-6B38-308F-8A01-473BB7E80EF6}
		{25C27FAA-3F58-38A9-BB3C-9BDDF83DD247} = {25C27FAA-3F58-38A9-BB3C-9BDDF83DD247}
		{AA5E5475-00B0-3D8C-9DCA-C733F2E26CA4} = {AA5E5475-00B0-3D8C-9DCA-C733F2E26CA4}
		{CBDD035F-DDD8-3DA0-974E-8C10CB0CD981} = {CBDD035F-DDD8-3DA0-974E-8C10CB0CD981}
	EndProjectSection
EndProject
Project("{8BC9CEB8-8B4A-11D0-8D11-00A0C91BC942}") = "DecoderAnalyserLib", "source\Lib\DecoderAnalyserLib\DecoderAnalyserLib.vcxproj", "{25C27FAA-3F58-38A9-BB3C-9BDDF83DD247}"
	ProjectSection(ProjectDependencies) = postProject
		{DED2D0D7-8D9A-3775-8C27-A209E472AD3E} = {DED2D0D7-8D9A-3775-8C27-A209E472AD3E}
		{CBDD035F-DDD8-3DA0-974E-8C10CB0CD981} = {CBDD035F-DDD8-3DA0-974E-8C10CB0CD981}
	EndProjectSection
EndProject
Project("{8BC9CEB8-8B4A-11D0-8D11-00A0C91BC942}") = "DecoderApp", "source\App\DecoderApp\DecoderApp.vcxproj", "{5A085F2E-D4AE-3F41-96F1-33F0247F0CAA}"
	ProjectSection(ProjectDependencies) = postProject
		{DED2D0D7-8D9A-3775-8C27-A209E472AD3E} = {DED2D0D7-8D9A-3775-8C27-A209E472AD3E}
		{917F6C2C-7B07-3AF5-BE44-5435D55BBE31} = {917F6C2C-7B07-3AF5-BE44-5435D55BBE31}
		{D4745371-44BE-3E4A-BED4-C9F9648EB607} = {D4745371-44BE-3E4A-BED4-C9F9648EB607}
		{AA5E5475-00B0-3D8C-9DCA-C733F2E26CA4} = {AA5E5475-00B0-3D8C-9DCA-C733F2E26CA4}
		{CBDD035F-DDD8-3DA0-974E-8C10CB0CD981} = {CBDD035F-DDD8-3DA0-974E-8C10CB0CD981}
	EndProjectSection
EndProject
Project("{8BC9CEB8-8B4A-11D0-8D11-00A0C91BC942}") = "DecoderLib", "source\Lib\DecoderLib\DecoderLib.vcxproj", "{D4745371-44BE-3E4A-BED4-C9F9648EB607}"
	ProjectSection(ProjectDependencies) = postProject
		{DED2D0D7-8D9A-3775-8C27-A209E472AD3E} = {DED2D0D7-8D9A-3775-8C27-A209E472AD3E}
		{CBDD035F-DDD8-3DA0-974E-8C10CB0CD981} = {CBDD035F-DDD8-3DA0-974E-8C10CB0CD981}
	EndProjectSection
EndProject
Project("{8BC9CEB8-8B4A-11D0-8D11-00A0C91BC942}") = "EncSvnHeader", "source\App\EncoderApp\EncSvnHeader.vcxproj", "{0ACAEB9E-1402-3F79-B175-5CD458108049}"
	ProjectSection(ProjectDependencies) = postProject
		{CBDD035F-DDD8-3DA0-974E-8C10CB0CD981} = {CBDD035F-DDD8-3DA0-974E-8C10CB0CD981}
	EndProjectSection
EndProject
Project("{8BC9CEB8-8B4A-11D0-8D11-00A0C91BC942}") = "EncoderApp", "source\App\EncoderApp\EncoderApp.vcxproj", "{6C5F3E72-4541-3D83-A4E1-A0F7562374AB}"
	ProjectSection(ProjectDependencies) = postProject
		{DED2D0D7-8D9A-3775-8C27-A209E472AD3E} = {DED2D0D7-8D9A-3775-8C27-A209E472AD3E}
		{D4745371-44BE-3E4A-BED4-C9F9648EB607} = {D4745371-44BE-3E4A-BED4-C9F9648EB607}
		{0ACAEB9E-1402-3F79-B175-5CD458108049} = {0ACAEB9E-1402-3F79-B175-5CD458108049}
		{AB3EDF2C-0B1E-3D98-AE66-E4F0A3D339D8} = {AB3EDF2C-0B1E-3D98-AE66-E4F0A3D339D8}
		{AA5E5475-00B0-3D8C-9DCA-C733F2E26CA4} = {AA5E5475-00B0-3D8C-9DCA-C733F2E26CA4}
		{CBDD035F-DDD8-3DA0-974E-8C10CB0CD981} = {CBDD035F-DDD8-3DA0-974E-8C10CB0CD981}
	EndProjectSection
EndProject
Project("{8BC9CEB8-8B4A-11D0-8D11-00A0C91BC942}") = "EncoderLib", "source\Lib\EncoderLib\EncoderLib.vcxproj", "{AB3EDF2C-0B1E-3D98-AE66-E4F0A3D339D8}"
	ProjectSection(ProjectDependencies) = postProject
		{DED2D0D7-8D9A-3775-8C27-A209E472AD3E} = {DED2D0D7-8D9A-3775-8C27-A209E472AD3E}
		{CBDD035F-DDD8-3DA0-974E-8C10CB0CD981} = {CBDD035F-DDD8-3DA0-974E-8C10CB0CD981}
	EndProjectSection
EndProject
Project("{8BC9CEB8-8B4A-11D0-8D11-00A0C91BC942}") = "SEIRemovalApp", "source\App\SEIRemovalApp\SEIRemovalApp.vcxproj", "{B7EED50B-8B26-33B0-BBC0-825D585125E3}"
	ProjectSection(ProjectDependencies) = postProject
		{DED2D0D7-8D9A-3775-8C27-A209E472AD3E} = {DED2D0D7-8D9A-3775-8C27-A209E472AD3E}
		{D4745371-44BE-3E4A-BED4-C9F9648EB607} = {D4745371-44BE-3E4A-BED4-C9F9648EB607}
		{83A3836E-5FA0-3F84-9E54-924540C2CC8A} = {83A3836E-5FA0-3F84-9E54-924540C2CC8A}
		{AA5E5475-00B0-3D8C-9DCA-C733F2E26CA4} = {AA5E5475-00B0-3D8C-9DCA-C733F2E26CA4}
		{CBDD035F-DDD8-3DA0-974E-8C10CB0CD981} = {CBDD035F-DDD8-3DA0-974E-8C10CB0CD981}
	EndProjectSection
EndProject
Project("{8BC9CEB8-8B4A-11D0-8D11-00A0C91BC942}") = "SeiRemovalSvnHeader", "source\App\SEIRemovalApp\SeiRemovalSvnHeader.vcxproj", "{83A3836E-5FA0-3F84-9E54-924540C2CC8A}"
	ProjectSection(ProjectDependencies) = postProject
		{CBDD035F-DDD8-3DA0-974E-8C10CB0CD981} = {CBDD035F-DDD8-3DA0-974E-8C10CB0CD981}
	EndProjectSection
EndProject
Project("{8BC9CEB8-8B4A-11D0-8D11-00A0C91BC942}") = "Utilities", "source\Lib\Utilities\Utilities.vcxproj", "{AA5E5475-00B0-3D8C-9DCA-C733F2E26CA4}"
	ProjectSection(ProjectDependencies) = postProject
		{CBDD035F-DDD8-3DA0-974E-8C10CB0CD981} = {CBDD035F-DDD8-3DA0-974E-8C10CB0CD981}
	EndProjectSection
EndProject
Project("{8BC9CEB8-8B4A-11D0-8D11-00A0C91BC942}") = "ZERO_CHECK", "ZERO_CHECK.vcxproj", "{CBDD035F-DDD8-3DA0-974E-8C10CB0CD981}"
	ProjectSection(ProjectDependencies) = postProject
	EndProjectSection
EndProject
Project("{8BC9CEB8-8B4A-11D0-8D11-00A0C91BC942}") = "parcat", "source\App\Parcat\parcat.vcxproj", "{DF39D7D9-17FC-3EC8-A081-4806C18E601A}"
	ProjectSection(ProjectDependencies) = postProject
		{CBDD035F-DDD8-3DA0-974E-8C10CB0CD981} = {CBDD035F-DDD8-3DA0-974E-8C10CB0CD981}
	EndProjectSection
EndProject
Global
	GlobalSection(SolutionConfigurationPlatforms) = preSolution
		Debug|x64 = Debug|x64
		Release|x64 = Release|x64
		MinSizeRel|x64 = MinSizeRel|x64
		RelWithDebInfo|x64 = RelWithDebInfo|x64
	EndGlobalSection
	GlobalSection(ProjectConfigurationPlatforms) = postSolution
		{DF3CE437-16EF-3760-9F12-4C73AAA76C30}.Debug|x64.ActiveCfg = Debug|x64
		{DF3CE437-16EF-3760-9F12-4C73AAA76C30}.Release|x64.ActiveCfg = Release|x64
		{DF3CE437-16EF-3760-9F12-4C73AAA76C30}.MinSizeRel|x64.ActiveCfg = MinSizeRel|x64
		{DF3CE437-16EF-3760-9F12-4C73AAA76C30}.RelWithDebInfo|x64.ActiveCfg = RelWithDebInfo|x64
		{DED2D0D7-8D9A-3775-8C27-A209E472AD3E}.Debug|x64.ActiveCfg = Debug|x64
		{DED2D0D7-8D9A-3775-8C27-A209E472AD3E}.Debug|x64.Build.0 = Debug|x64
		{DED2D0D7-8D9A-3775-8C27-A209E472AD3E}.Release|x64.ActiveCfg = Release|x64
		{DED2D0D7-8D9A-3775-8C27-A209E472AD3E}.Release|x64.Build.0 = Release|x64
		{DED2D0D7-8D9A-3775-8C27-A209E472AD3E}.MinSizeRel|x64.ActiveCfg = MinSizeRel|x64
		{DED2D0D7-8D9A-3775-8C27-A209E472AD3E}.MinSizeRel|x64.Build.0 = MinSizeRel|x64
		{DED2D0D7-8D9A-3775-8C27-A209E472AD3E}.RelWithDebInfo|x64.ActiveCfg = RelWithDebInfo|x64
		{DED2D0D7-8D9A-3775-8C27-A209E472AD3E}.RelWithDebInfo|x64.Build.0 = RelWithDebInfo|x64
		{87717BBB-6B38-308F-8A01-473BB7E80EF6}.Debug|x64.ActiveCfg = Debug|x64
		{87717BBB-6B38-308F-8A01-473BB7E80EF6}.Debug|x64.Build.0 = Debug|x64
		{87717BBB-6B38-308F-8A01-473BB7E80EF6}.Release|x64.ActiveCfg = Release|x64
		{87717BBB-6B38-308F-8A01-473BB7E80EF6}.Release|x64.Build.0 = Release|x64
		{87717BBB-6B38-308F-8A01-473BB7E80EF6}.MinSizeRel|x64.ActiveCfg = MinSizeRel|x64
		{87717BBB-6B38-308F-8A01-473BB7E80EF6}.MinSizeRel|x64.Build.0 = MinSizeRel|x64
		{87717BBB-6B38-308F-8A01-473BB7E80EF6}.RelWithDebInfo|x64.ActiveCfg = RelWithDebInfo|x64
		{87717BBB-6B38-308F-8A01-473BB7E80EF6}.RelWithDebInfo|x64.Build.0 = RelWithDebInfo|x64
		{917F6C2C-7B07-3AF5-BE44-5435D55BBE31}.Debug|x64.ActiveCfg = Debug|x64
		{917F6C2C-7B07-3AF5-BE44-5435D55BBE31}.Debug|x64.Build.0 = Debug|x64
		{917F6C2C-7B07-3AF5-BE44-5435D55BBE31}.Release|x64.ActiveCfg = Release|x64
		{917F6C2C-7B07-3AF5-BE44-5435D55BBE31}.Release|x64.Build.0 = Release|x64
		{917F6C2C-7B07-3AF5-BE44-5435D55BBE31}.MinSizeRel|x64.ActiveCfg = MinSizeRel|x64
		{917F6C2C-7B07-3AF5-BE44-5435D55BBE31}.MinSizeRel|x64.Build.0 = MinSizeRel|x64
		{917F6C2C-7B07-3AF5-BE44-5435D55BBE31}.RelWithDebInfo|x64.ActiveCfg = RelWithDebInfo|x64
		{917F6C2C-7B07-3AF5-BE44-5435D55BBE31}.RelWithDebInfo|x64.Build.0 = RelWithDebInfo|x64
		{7FECF19F-8B58-3E86-8322-7C9F5C675338}.Debug|x64.ActiveCfg = Debug|x64
		{7FECF19F-8B58-3E86-8322-7C9F5C675338}.Debug|x64.Build.0 = Debug|x64
		{7FECF19F-8B58-3E86-8322-7C9F5C675338}.Release|x64.ActiveCfg = Release|x64
		{7FECF19F-8B58-3E86-8322-7C9F5C675338}.Release|x64.Build.0 = Release|x64
		{7FECF19F-8B58-3E86-8322-7C9F5C675338}.MinSizeRel|x64.ActiveCfg = MinSizeRel|x64
		{7FECF19F-8B58-3E86-8322-7C9F5C675338}.MinSizeRel|x64.Build.0 = MinSizeRel|x64
		{7FECF19F-8B58-3E86-8322-7C9F5C675338}.RelWithDebInfo|x64.ActiveCfg = RelWithDebInfo|x64
		{7FECF19F-8B58-3E86-8322-7C9F5C675338}.RelWithDebInfo|x64.Build.0 = RelWithDebInfo|x64
		{25C27FAA-3F58-38A9-BB3C-9BDDF83DD247}.Debug|x64.ActiveCfg = Debug|x64
		{25C27FAA-3F58-38A9-BB3C-9BDDF83DD247}.Debug|x64.Build.0 = Debug|x64
		{25C27FAA-3F58-38A9-BB3C-9BDDF83DD247}.Release|x64.ActiveCfg = Release|x64
		{25C27FAA-3F58-38A9-BB3C-9BDDF83DD247}.Release|x64.Build.0 = Release|x64
		{25C27FAA-3F58-38A9-BB3C-9BDDF83DD247}.MinSizeRel|x64.ActiveCfg = MinSizeRel|x64
		{25C27FAA-3F58-38A9-BB3C-9BDDF83DD247}.MinSizeRel|x64.Build.0 = MinSizeRel|x64
		{25C27FAA-3F58-38A9-BB3C-9BDDF83DD247}.RelWithDebInfo|x64.ActiveCfg = RelWithDebInfo|x64
		{25C27FAA-3F58-38A9-BB3C-9BDDF83DD247}.RelWithDebInfo|x64.Build.0 = RelWithDebInfo|x64
		{5A085F2E-D4AE-3F41-96F1-33F0247F0CAA}.Debug|x64.ActiveCfg = Debug|x64
		{5A085F2E-D4AE-3F41-96F1-33F0247F0CAA}.Debug|x64.Build.0 = Debug|x64
		{5A085F2E-D4AE-3F41-96F1-33F0247F0CAA}.Release|x64.ActiveCfg = Release|x64
		{5A085F2E-D4AE-3F41-96F1-33F0247F0CAA}.Release|x64.Build.0 = Release|x64
		{5A085F2E-D4AE-3F41-96F1-33F0247F0CAA}.MinSizeRel|x64.ActiveCfg = MinSizeRel|x64
		{5A085F2E-D4AE-3F41-96F1-33F0247F0CAA}.MinSizeRel|x64.Build.0 = MinSizeRel|x64
		{5A085F2E-D4AE-3F41-96F1-33F0247F0CAA}.RelWithDebInfo|x64.ActiveCfg = RelWithDebInfo|x64
		{5A085F2E-D4AE-3F41-96F1-33F0247F0CAA}.RelWithDebInfo|x64.Build.0 = RelWithDebInfo|x64
		{D4745371-44BE-3E4A-BED4-C9F9648EB607}.Debug|x64.ActiveCfg = Debug|x64
		{D4745371-44BE-3E4A-BED4-C9F9648EB607}.Debug|x64.Build.0 = Debug|x64
		{D4745371-44BE-3E4A-BED4-C9F9648EB607}.Release|x64.ActiveCfg = Release|x64
		{D4745371-44BE-3E4A-BED4-C9F9648EB607}.Release|x64.Build.0 = Release|x64
		{D4745371-44BE-3E4A-BED4-C9F9648EB607}.MinSizeRel|x64.ActiveCfg = MinSizeRel|x64
		{D4745371-44BE-3E4A-BED4-C9F9648EB607}.MinSizeRel|x64.Build.0 = MinSizeRel|x64
		{D4745371-44BE-3E4A-BED4-C9F9648EB607}.RelWithDebInfo|x64.ActiveCfg = RelWithDebInfo|x64
		{D4745371-44BE-3E4A-BED4-C9F9648EB607}.RelWithDebInfo|x64.Build.0 = RelWithDebInfo|x64
		{0ACAEB9E-1402-3F79-B175-5CD458108049}.Debug|x64.ActiveCfg = Debug|x64
		{0ACAEB9E-1402-3F79-B175-5CD458108049}.Debug|x64.Build.0 = Debug|x64
		{0ACAEB9E-1402-3F79-B175-5CD458108049}.Release|x64.ActiveCfg = Release|x64
		{0ACAEB9E-1402-3F79-B175-5CD458108049}.Release|x64.Build.0 = Release|x64
		{0ACAEB9E-1402-3F79-B175-5CD458108049}.MinSizeRel|x64.ActiveCfg = MinSizeRel|x64
		{0ACAEB9E-1402-3F79-B175-5CD458108049}.MinSizeRel|x64.Build.0 = MinSizeRel|x64
		{0ACAEB9E-1402-3F79-B175-5CD458108049}.RelWithDebInfo|x64.ActiveCfg = RelWithDebInfo|x64
		{0ACAEB9E-1402-3F79-B175-5CD458108049}.RelWithDebInfo|x64.Build.0 = RelWithDebInfo|x64
		{6C5F3E72-4541-3D83-A4E1-A0F7562374AB}.Debug|x64.ActiveCfg = Debug|x64
		{6C5F3E72-4541-3D83-A4E1-A0F7562374AB}.Debug|x64.Build.0 = Debug|x64
		{6C5F3E72-4541-3D83-A4E1-A0F7562374AB}.Release|x64.ActiveCfg = Release|x64
		{6C5F3E72-4541-3D83-A4E1-A0F7562374AB}.Release|x64.Build.0 = Release|x64
		{6C5F3E72-4541-3D83-A4E1-A0F7562374AB}.MinSizeRel|x64.ActiveCfg = MinSizeRel|x64
		{6C5F3E72-4541-3D83-A4E1-A0F7562374AB}.MinSizeRel|x64.Build.0 = MinSizeRel|x64
		{6C5F3E72-4541-3D83-A4E1-A0F7562374AB}.RelWithDebInfo|x64.ActiveCfg = RelWithDebInfo|x64
		{6C5F3E72-4541-3D83-A4E1-A0F7562374AB}.RelWithDebInfo|x64.Build.0 = RelWithDebInfo|x64
		{AB3EDF2C-0B1E-3D98-AE66-E4F0A3D339D8}.Debug|x64.ActiveCfg = Debug|x64
		{AB3EDF2C-0B1E-3D98-AE66-E4F0A3D339D8}.Debug|x64.Build.0 = Debug|x64
		{AB3EDF2C-0B1E-3D98-AE66-E4F0A3D339D8}.Release|x64.ActiveCfg = Release|x64
		{AB3EDF2C-0B1E-3D98-AE66-E4F0A3D339D8}.Release|x64.Build.0 = Release|x64
		{AB3EDF2C-0B1E-3D98-AE66-E4F0A3D339D8}.MinSizeRel|x64.ActiveCfg = MinSizeRel|x64
		{AB3EDF2C-0B1E-3D98-AE66-E4F0A3D339D8}.MinSizeRel|x64.Build.0 = MinSizeRel|x64
		{AB3EDF2C-0B1E-3D98-AE66-E4F0A3D339D8}.RelWithDebInfo|x64.ActiveCfg = RelWithDebInfo|x64
		{AB3EDF2C-0B1E-3D98-AE66-E4F0A3D339D8}.RelWithDebInfo|x64.Build.0 = RelWithDebInfo|x64
		{B7EED50B-8B26-33B0-BBC0-825D585125E3}.Debug|x64.ActiveCfg = Debug|x64
		{B7EED50B-8B26-33B0-BBC0-825D585125E3}.Debug|x64.Build.0 = Debug|x64
		{B7EED50B-8B26-33B0-BBC0-825D585125E3}.Release|x64.ActiveCfg = Release|x64
		{B7EED50B-8B26-33B0-BBC0-825D585125E3}.Release|x64.Build.0 = Release|x64
		{B7EED50B-8B26-33B0-BBC0-825D585125E3}.MinSizeRel|x64.ActiveCfg = MinSizeRel|x64
		{B7EED50B-8B26-33B0-BBC0-825D585125E3}.MinSizeRel|x64.Build.0 = MinSizeRel|x64
		{B7EED50B-8B26-33B0-BBC0-825D585125E3}.RelWithDebInfo|x64.ActiveCfg = RelWithDebInfo|x64
		{B7EED50B-8B26-33B0-BBC0-825D585125E3}.RelWithDebInfo|x64.Build.0 = RelWithDebInfo|x64
		{83A3836E-5FA0-3F84-9E54-924540C2CC8A}.Debug|x64.ActiveCfg = Debug|x64
		{83A3836E-5FA0-3F84-9E54-924540C2CC8A}.Debug|x64.Build.0 = Debug|x64
		{83A3836E-5FA0-3F84-9E54-924540C2CC8A}.Release|x64.ActiveCfg = Release|x64
		{83A3836E-5FA0-3F84-9E54-924540C2CC8A}.Release|x64.Build.0 = Release|x64
		{83A3836E-5FA0-3F84-9E54-924540C2CC8A}.MinSizeRel|x64.ActiveCfg = MinSizeRel|x64
		{83A3836E-5FA0-3F84-9E54-924540C2CC8A}.MinSizeRel|x64.Build.0 = MinSizeRel|x64
		{83A3836E-5FA0-3F84-9E54-924540C2CC8A}.RelWithDebInfo|x64.ActiveCfg = RelWithDebInfo|x64
		{83A3836E-5FA0-3F84-9E54-924540C2CC8A}.RelWithDebInfo|x64.Build.0 = RelWithDebInfo|x64
		{AA5E5475-00B0-3D8C-9DCA-C733F2E26CA4}.Debug|x64.ActiveCfg = Debug|x64
		{AA5E5475-00B0-3D8C-9DCA-C733F2E26CA4}.Debug|x64.Build.0 = Debug|x64
		{AA5E5475-00B0-3D8C-9DCA-C733F2E26CA4}.Release|x64.ActiveCfg = Release|x64
		{AA5E5475-00B0-3D8C-9DCA-C733F2E26CA4}.Release|x64.Build.0 = Release|x64
		{AA5E5475-00B0-3D8C-9DCA-C733F2E26CA4}.MinSizeRel|x64.ActiveCfg = MinSizeRel|x64
		{AA5E5475-00B0-3D8C-9DCA-C733F2E26CA4}.MinSizeRel|x64.Build.0 = MinSizeRel|x64
		{AA5E5475-00B0-3D8C-9DCA-C733F2E26CA4}.RelWithDebInfo|x64.ActiveCfg = RelWithDebInfo|x64
		{AA5E5475-00B0-3D8C-9DCA-C733F2E26CA4}.RelWithDebInfo|x64.Build.0 = RelWithDebInfo|x64
		{CBDD035F-DDD8-3DA0-974E-8C10CB0CD981}.Debug|x64.ActiveCfg = Debug|x64
		{CBDD035F-DDD8-3DA0-974E-8C10CB0CD981}.Debug|x64.Build.0 = Debug|x64
		{CBDD035F-DDD8-3DA0-974E-8C10CB0CD981}.Release|x64.ActiveCfg = Release|x64
		{CBDD035F-DDD8-3DA0-974E-8C10CB0CD981}.Release|x64.Build.0 = Release|x64
		{CBDD035F-DDD8-3DA0-974E-8C10CB0CD981}.MinSizeRel|x64.ActiveCfg = MinSizeRel|x64
		{CBDD035F-DDD8-3DA0-974E-8C10CB0CD981}.MinSizeRel|x64.Build.0 = MinSizeRel|x64
		{CBDD035F-DDD8-3DA0-974E-8C10CB0CD981}.RelWithDebInfo|x64.ActiveCfg = RelWithDebInfo|x64
		{CBDD035F-DDD8-3DA0-974E-8C10CB0CD981}.RelWithDebInfo|x64.Build.0 = RelWithDebInfo|x64
		{DF39D7D9-17FC-3EC8-A081-4806C18E601A}.Debug|x64.ActiveCfg = Debug|x64
		{DF39D7D9-17FC-3EC8-A081-4806C18E601A}.Debug|x64.Build.0 = Debug|x64
		{DF39D7D9-17FC-3EC8-A081-4806C18E601A}.Release|x64.ActiveCfg = Release|x64
		{DF39D7D9-17FC-3EC8-A081-4806C18E601A}.Release|x64.Build.0 = Release|x64
		{DF39D7D9-17FC-3EC8-A081-4806C18E601A}.MinSizeRel|x64.ActiveCfg = MinSizeRel|x64
		{DF39D7D9-17FC-3EC8-A081-4806C18E601A}.MinSizeRel|x64.Build.0 = MinSizeRel|x64
		{DF39D7D9-17FC-3EC8-A081-4806C18E601A}.RelWithDebInfo|x64.ActiveCfg = RelWithDebInfo|x64
		{DF39D7D9-17FC-3EC8-A081-4806C18E601A}.RelWithDebInfo|x64.Build.0 = RelWithDebInfo|x64
	EndGlobalSection
	GlobalSection(NestedProjects) = preSolution
		{DF3CE437-16EF-3760-9F12-4C73AAA76C30} = {61CD78D4-A215-3D69-B09A-258FD1BC2D3C}
		{CBDD035F-DDD8-3DA0-974E-8C10CB0CD981} = {61CD78D4-A215-3D69-B09A-258FD1BC2D3C}
		{7FECF19F-8B58-3E86-8322-7C9F5C675338} = {82B9B263-6C39-3121-85F0-EF1D8565722F}
		{5A085F2E-D4AE-3F41-96F1-33F0247F0CAA} = {82B9B263-6C39-3121-85F0-EF1D8565722F}
		{6C5F3E72-4541-3D83-A4E1-A0F7562374AB} = {82B9B263-6C39-3121-85F0-EF1D8565722F}
		{B7EED50B-8B26-33B0-BBC0-825D585125E3} = {82B9B263-6C39-3121-85F0-EF1D8565722F}
		{DF39D7D9-17FC-3EC8-A081-4806C18E601A} = {82B9B263-6C39-3121-85F0-EF1D8565722F}
		{DED2D0D7-8D9A-3775-8C27-A209E472AD3E} = {ED10F703-261A-39EE-9955-433DD9883E0E}
		{25C27FAA-3F58-38A9-BB3C-9BDDF83DD247} = {ED10F703-261A-39EE-9955-433DD9883E0E}
		{D4745371-44BE-3E4A-BED4-C9F9648EB607} = {ED10F703-261A-39EE-9955-433DD9883E0E}
		{AB3EDF2C-0B1E-3D98-AE66-E4F0A3D339D8} = {ED10F703-261A-39EE-9955-433DD9883E0E}
		{AA5E5475-00B0-3D8C-9DCA-C733F2E26CA4} = {ED10F703-261A-39EE-9955-433DD9883E0E}
		{87717BBB-6B38-308F-8A01-473BB7E80EF6} = {AFE16C41-24E5-38D9-854E-6CDA1DA73993}
		{917F6C2C-7B07-3AF5-BE44-5435D55BBE31} = {AFE16C41-24E5-38D9-854E-6CDA1DA73993}
		{0ACAEB9E-1402-3F79-B175-5CD458108049} = {AFE16C41-24E5-38D9-854E-6CDA1DA73993}
		{83A3836E-5FA0-3F84-9E54-924540C2CC8A} = {AFE16C41-24E5-38D9-854E-6CDA1DA73993}
	EndGlobalSection
	GlobalSection(ExtensibilityGlobals) = postSolution
		SolutionGuid = {6E2476DC-8692-315B-A065-03CD2D4ACFEC}
	EndGlobalSection
	GlobalSection(ExtensibilityAddIns) = postSolution
	EndGlobalSection
EndGlobal
