<?xml version="1.0" encoding="utf-8"?>
<Project ToolsVersion="15.0" xmlns="http://schemas.microsoft.com/developer/msbuild/2003">
  <ItemGroup>
    <CustomBuild Include="F:\Compression\VTM\tags\VTM-1.1\build\CMakeFiles\c9e7d7b6fd1520bd0b98a846736a3765\generate.stamp.rule">
      <Filter>CMake Rules</Filter>
    </CustomBuild>
  </ItemGroup>
  <ItemGroup>
    <Filter Include="CMake Rules">
      <UniqueIdentifier>{A36FBCD6-1F6B-308F-98F1-49AC624EB6F0}</UniqueIdentifier>
    </Filter>
  </ItemGroup>
</Project>
