<?xml version="1.0" encoding="utf-8"?>
<Project ToolsVersion="15.0" xmlns="http://schemas.microsoft.com/developer/msbuild/2003">
  <ItemGroup>
    <ClCompile Include="F:\Compression\VTM\tags\VTM-1.1\source\Lib\DecoderLib\AnnexBread.cpp">
      <Filter>Source Files</Filter>
    </ClCompile>
    <ClCompile Include="F:\Compression\VTM\tags\VTM-1.1\source\Lib\DecoderLib\BinDecoder.cpp">
      <Filter>Source Files</Filter>
    </ClCompile>
    <ClCompile Include="F:\Compression\VTM\tags\VTM-1.1\source\Lib\DecoderLib\CABACReader.cpp">
      <Filter>Source Files</Filter>
    </ClCompile>
    <ClCompile Include="F:\Compression\VTM\tags\VTM-1.1\source\Lib\DecoderLib\DecCu.cpp">
      <Filter>Source Files</Filter>
    </ClCompile>
    <ClCompile Include="F:\Compression\VTM\tags\VTM-1.1\source\Lib\DecoderLib\DecLib.cpp">
      <Filter>Source Files</Filter>
    </ClCompile>
    <ClCompile Include="F:\Compression\VTM\tags\VTM-1.1\source\Lib\DecoderLib\DecSlice.cpp">
      <Filter>Source Files</Filter>
    </ClCompile>
    <ClCompile Include="F:\Compression\VTM\tags\VTM-1.1\source\Lib\DecoderLib\NALread.cpp">
      <Filter>Source Files</Filter>
    </ClCompile>
    <ClCompile Include="F:\Compression\VTM\tags\VTM-1.1\source\Lib\DecoderLib\SEIread.cpp">
      <Filter>Source Files</Filter>
    </ClCompile>
    <ClCompile Include="F:\Compression\VTM\tags\VTM-1.1\source\Lib\DecoderLib\VLCReader.cpp">
      <Filter>Source Files</Filter>
    </ClCompile>
  </ItemGroup>
  <ItemGroup>
    <ClInclude Include="F:\Compression\VTM\tags\VTM-1.1\source\Lib\DecoderLib\AnnexBread.h">
      <Filter>Header Files</Filter>
    </ClInclude>
    <ClInclude Include="F:\Compression\VTM\tags\VTM-1.1\source\Lib\DecoderLib\BinDecoder.h">
      <Filter>Header Files</Filter>
    </ClInclude>
    <ClInclude Include="F:\Compression\VTM\tags\VTM-1.1\source\Lib\DecoderLib\CABACReader.h">
      <Filter>Header Files</Filter>
    </ClInclude>
    <ClInclude Include="F:\Compression\VTM\tags\VTM-1.1\source\Lib\DecoderLib\DecCu.h">
      <Filter>Header Files</Filter>
    </ClInclude>
    <ClInclude Include="F:\Compression\VTM\tags\VTM-1.1\source\Lib\DecoderLib\DecLib.h">
      <Filter>Header Files</Filter>
    </ClInclude>
    <ClInclude Include="F:\Compression\VTM\tags\VTM-1.1\source\Lib\DecoderLib\DecSlice.h">
      <Filter>Header Files</Filter>
    </ClInclude>
    <ClInclude Include="F:\Compression\VTM\tags\VTM-1.1\source\Lib\DecoderLib\NALread.h">
      <Filter>Header Files</Filter>
    </ClInclude>
    <ClInclude Include="F:\Compression\VTM\tags\VTM-1.1\source\Lib\DecoderLib\SEIread.h">
      <Filter>Header Files</Filter>
    </ClInclude>
    <ClInclude Include="F:\Compression\VTM\tags\VTM-1.1\source\Lib\DecoderLib\VLCReader.h">
      <Filter>Header Files</Filter>
    </ClInclude>
  </ItemGroup>
  <ItemGroup>
    <CustomBuild Include="F:\Compression\VTM\tags\VTM-1.1\source\Lib\DecoderLib\CMakeLists.txt" />
  </ItemGroup>
  <ItemGroup>
    <Natvis Include="F:\Compression\VTM\tags\VTM-1.1\source\VisualStudio\common.natvis">
      <Filter>Natvis Files</Filter>
    </Natvis>
    <Natvis Include="F:\Compression\VTM\tags\VTM-1.1\source\VisualStudio\static_vector.natvis">
      <Filter>Natvis Files</Filter>
    </Natvis>
  </ItemGroup>
  <ItemGroup>
    <Filter Include="Header Files">
      <UniqueIdentifier>{48B09164-0CD8-3CE0-B207-90163526A53A}</UniqueIdentifier>
    </Filter>
    <Filter Include="Natvis Files">
      <UniqueIdentifier>{67BC0886-10A5-3BDD-89BA-D97247548D8D}</UniqueIdentifier>
    </Filter>
    <Filter Include="Source Files">
      <UniqueIdentifier>{CC08FCC9-A8A4-320C-BB82-1007F58935DC}</UniqueIdentifier>
    </Filter>
  </ItemGroup>
</Project>
